
Microsoft Visual Studio Solution File, Format Version 12.00
# Visual Studio Version 16
VisualStudioVersion = 16.0.31025.194
MinimumVisualStudioVersion = 10.0.40219.1
Project("{FAE04EC0-301F-11D3-BF4B-00C04F79EFBC}") = "Dina's_BetaMart", "Dina's_BetaMart.csproj", "{A79D0B0F-E5C3-4504-B4B7-B61218793A7D}"
EndProject
Global
	GlobalSection(SolutionConfigurationPlatforms) = preSolution
		Debug|Any CPU = Debug|Any CPU
		Release|Any CPU = Release|Any CPU
	EndGlobalSection
	GlobalSection(ProjectConfigurationPlatforms) = postSolution
		{A79D0B0F-E5C3-4504-B4B7-B61218793A7D}.Debug|Any CPU.ActiveCfg = Debug|Any CPU
		{A79D0B0F-E5C3-4504-B4B7-B61218793A7D}.Debug|Any CPU.Build.0 = Debug|Any CPU
		{A79D0B0F-E5C3-4504-B4B7-B61218793A7D}.Release|Any CPU.ActiveCfg = Release|Any CPU
		{A79D0B0F-E5C3-4504-B4B7-B61218793A7D}.Release|Any CPU.Build.0 = Release|Any CPU
	EndGlobalSection
	GlobalSection(SolutionProperties) = preSolution
		HideSolutionNode = FALSE
	EndGlobalSection
	GlobalSection(ExtensibilityGlobals) = postSolution
		SolutionGuid = {E41B2F36-2915-4E06-AA6C-AF9CEA3792A5}
	EndGlobalSection
EndGlobal
